
Microsoft Visual Studio Solution File, Format Version 12.00
# Visual Studio Version 16
VisualStudioVersion = 16.0.30804.86
MinimumVisualStudioVersion = 10.0.40219.1
Project("{FAE04EC0-301F-11D3-BF4B-00C04F79EFBC}") = "WpfApp13", "WpfApp13\WpfApp13.csproj", "{A493B235-163C-4C92-BEF7-01A1646792D7}"
EndProject
Global
	GlobalSection(SolutionConfigurationPlatforms) = preSolution
		Debug|Any CPU = Debug|Any CPU
		Release|Any CPU = Release|Any CPU
	EndGlobalSection
	GlobalSection(ProjectConfigurationPlatforms) = postSolution
		{A493B235-163C-4C92-BEF7-01A1646792D7}.Debug|Any CPU.ActiveCfg = Debug|Any CPU
		{A493B235-163C-4C92-BEF7-01A1646792D7}.Debug|Any CPU.Build.0 = Debug|Any CPU
		{A493B235-163C-4C92-BEF7-01A1646792D7}.Release|Any CPU.ActiveCfg = Release|Any CPU
		{A493B235-163C-4C92-BEF7-01A1646792D7}.Release|Any CPU.Build.0 = Release|Any CPU
	EndGlobalSection
	GlobalSection(SolutionProperties) = preSolution
		HideSolutionNode = FALSE
	EndGlobalSection
	GlobalSection(ExtensibilityGlobals) = postSolution
		SolutionGuid = {0B12C1B3-2959-42E0-BBA1-93D686708DFC}
	EndGlobalSection
EndGlobal
